// !$*UTF8*$!
{
	archiveVersion = 1;
	classes = {
	};
	objectVersion = 46;
	objects = {

/* Begin PBXBuildFile section */
		AF04AAD719A6AC4F000D97FF /* AppDelegate.swift in Sources */ = {isa = PBXBuildFile; fileRef = AF04AAD619A6AC4F000D97FF /* AppDelegate.swift */; };
		AF04AADC19A6AC4F000D97FF /* Main.storyboard in Resources */ = {isa = PBXBuildFile; fileRef = AF04AADA19A6AC4F000D97FF /* Main.storyboard */; };
		AF04AADE19A6AC4F000D97FF /* Images.xcassets in Resources */ = {isa = PBXBuildFile; fileRef = AF04AADD19A6AC4F000D97FF /* Images.xcassets */; };
		AF04AAEA19A6AC4F000D97FF /* SuperTicTacToeTests.swift in Sources */ = {isa = PBXBuildFile; fileRef = AF04AAE919A6AC4F000D97FF /* SuperTicTacToeTests.swift */; };
		AF45DFD619ABCDFA00BAB927 /* Constants.swift in Sources */ = {isa = PBXBuildFile; fileRef = AF45DFD519ABCDFA00BAB927 /* Constants.swift */; };
		AF45DFD919AC1CB400BAB927 /* MatchMoveCollectionViewCell.swift in Sources */ = {isa = PBXBuildFile; fileRef = AF45DFD719AC1CB400BAB927 /* MatchMoveCollectionViewCell.swift */; };
		AF45DFDA19AC1CB400BAB927 /* MatchMoveCollectionViewCell.xib in Resources */ = {isa = PBXBuildFile; fileRef = AF45DFD819AC1CB400BAB927 /* MatchMoveCollectionViewCell.xib */; };
		AF45DFDD19AC1E5100BAB927 /* MatchBoardCollectionViewCell.swift in Sources */ = {isa = PBXBuildFile; fileRef = AF45DFDB19AC1E5100BAB927 /* MatchBoardCollectionViewCell.swift */; };
		AF45DFDE19AC1E5100BAB927 /* MatchBoardCollectionViewCell.xib in Resources */ = {isa = PBXBuildFile; fileRef = AF45DFDC19AC1E5100BAB927 /* MatchBoardCollectionViewCell.xib */; };
		AFB9E55F19A90597009242A7 /* GameBoardViewController.swift in Sources */ = {isa = PBXBuildFile; fileRef = AFB9E55619A90597009242A7 /* GameBoardViewController.swift */; };
		AFB9E56019A90597009242A7 /* GameBoardCell.swift in Sources */ = {isa = PBXBuildFile; fileRef = AFB9E55A19A90597009242A7 /* GameBoardCell.swift */; };
		AFB9E56119A90597009242A7 /* GameBoardGameCell.swift in Sources */ = {isa = PBXBuildFile; fileRef = AFB9E55B19A90597009242A7 /* GameBoardGameCell.swift */; };
		AFB9E56219A90597009242A7 /* GameBoardMinimalRepresentationView.swift in Sources */ = {isa = PBXBuildFile; fileRef = AFB9E55C19A90597009242A7 /* GameBoardMinimalRepresentationView.swift */; };
		AFB9E56319A90597009242A7 /* GameBoardMoveCell.swift in Sources */ = {isa = PBXBuildFile; fileRef = AFB9E55D19A90597009242A7 /* GameBoardMoveCell.swift */; };
		AFB9E56419A90597009242A7 /* GameBoardView.swift in Sources */ = {isa = PBXBuildFile; fileRef = AFB9E55E19A90597009242A7 /* GameBoardView.swift */; };
		AFB9E56719A905BF009242A7 /* Calculations.swift in Sources */ = {isa = PBXBuildFile; fileRef = AFB9E56619A905BF009242A7 /* Calculations.swift */; };
		AFB9E56919A905E0009242A7 /* GameKit.framework in Frameworks */ = {isa = PBXBuildFile; fileRef = AFB9E56819A905E0009242A7 /* GameKit.framework */; };
		AFB9E56C19A906A7009242A7 /* GameCenterMatchManager.swift in Sources */ = {isa = PBXBuildFile; fileRef = AFB9E56B19A906A7009242A7 /* GameCenterMatchManager.swift */; };
		AFB9E56E19A91517009242A7 /* RootViewController.swift in Sources */ = {isa = PBXBuildFile; fileRef = AFB9E56D19A91517009242A7 /* RootViewController.swift */; };
		AFB9E57019A938B4009242A7 /* GameModel.swift in Sources */ = {isa = PBXBuildFile; fileRef = AFB9E56F19A938B4009242A7 /* GameModel.swift */; };
		AFCE309519AAB95E00B5ED9F /* MenuViewModel.swift in Sources */ = {isa = PBXBuildFile; fileRef = AFCE309419AAB95E00B5ED9F /* MenuViewModel.swift */; };
		AFCE309919AAC8B100B5ED9F /* MatchCollectionViewCell.swift in Sources */ = {isa = PBXBuildFile; fileRef = AFCE309719AAC8B100B5ED9F /* MatchCollectionViewCell.swift */; };
		AFCE309A19AAC8B100B5ED9F /* MatchCollectionViewCell.xib in Resources */ = {isa = PBXBuildFile; fileRef = AFCE309819AAC8B100B5ED9F /* MatchCollectionViewCell.xib */; };
		AFCE309C19AB6A0500B5ED9F /* GameBigBoardCollectionViewDelegate.swift in Sources */ = {isa = PBXBuildFile; fileRef = AFCE309B19AB6A0500B5ED9F /* GameBigBoardCollectionViewDelegate.swift */; };
		AFCE309E19AB6A3300B5ED9F /* GameSmallBoardCollectionViewDelegate.swift in Sources */ = {isa = PBXBuildFile; fileRef = AFCE309D19AB6A3300B5ED9F /* GameSmallBoardCollectionViewDelegate.swift */; };
		AFD99E2F19B025BB0095B371 /* MatchMoveViewModel.swift in Sources */ = {isa = PBXBuildFile; fileRef = AFD99E2E19B025BB0095B371 /* MatchMoveViewModel.swift */; };
		AFFE031219AD340F00CF4EE8 /* GameBoardViewModel.swift in Sources */ = {isa = PBXBuildFile; fileRef = AFFE031119AD340F00CF4EE8 /* GameBoardViewModel.swift */; };
		AFFE031619AE162900CF4EE8 /* GameValidator.swift in Sources */ = {isa = PBXBuildFile; fileRef = AFFE031519AE162900CF4EE8 /* GameValidator.swift */; };
/* End PBXBuildFile section */

/* Begin PBXContainerItemProxy section */
		AF04AAE419A6AC4F000D97FF /* PBXContainerItemProxy */ = {
			isa = PBXContainerItemProxy;
			containerPortal = AF04AAC919A6AC4F000D97FF /* Project object */;
			proxyType = 1;
			remoteGlobalIDString = AF04AAD019A6AC4F000D97FF;
			remoteInfo = SuperTicTacToe;
		};
/* End PBXContainerItemProxy section */

/* Begin PBXFileReference section */
		AF04AAD119A6AC4F000D97FF /* SuperTicTacToe.app */ = {isa = PBXFileReference; explicitFileType = wrapper.application; includeInIndex = 0; path = SuperTicTacToe.app; sourceTree = BUILT_PRODUCTS_DIR; };
		AF04AAD519A6AC4F000D97FF /* Info.plist */ = {isa = PBXFileReference; lastKnownFileType = text.plist.xml; path = Info.plist; sourceTree = "<group>"; };
		AF04AAD619A6AC4F000D97FF /* AppDelegate.swift */ = {isa = PBXFileReference; lastKnownFileType = sourcecode.swift; path = AppDelegate.swift; sourceTree = "<group>"; };
		AF04AADB19A6AC4F000D97FF /* Base */ = {isa = PBXFileReference; lastKnownFileType = file.storyboard; name = Base; path = Base.lproj/Main.storyboard; sourceTree = "<group>"; };
		AF04AADD19A6AC4F000D97FF /* Images.xcassets */ = {isa = PBXFileReference; lastKnownFileType = folder.assetcatalog; path = Images.xcassets; sourceTree = "<group>"; };
		AF04AAE319A6AC4F000D97FF /* SuperTicTacToeTests.xctest */ = {isa = PBXFileReference; explicitFileType = wrapper.cfbundle; includeInIndex = 0; path = SuperTicTacToeTests.xctest; sourceTree = BUILT_PRODUCTS_DIR; };
		AF04AAE819A6AC4F000D97FF /* Info.plist */ = {isa = PBXFileReference; lastKnownFileType = text.plist.xml; path = Info.plist; sourceTree = "<group>"; };
		AF04AAE919A6AC4F000D97FF /* SuperTicTacToeTests.swift */ = {isa = PBXFileReference; lastKnownFileType = sourcecode.swift; path = SuperTicTacToeTests.swift; sourceTree = "<group>"; };
		AF45DFD519ABCDFA00BAB927 /* Constants.swift */ = {isa = PBXFileReference; fileEncoding = 4; lastKnownFileType = sourcecode.swift; path = Constants.swift; sourceTree = "<group>"; };
		AF45DFD719AC1CB400BAB927 /* MatchMoveCollectionViewCell.swift */ = {isa = PBXFileReference; fileEncoding = 4; lastKnownFileType = sourcecode.swift; path = MatchMoveCollectionViewCell.swift; sourceTree = "<group>"; };
		AF45DFD819AC1CB400BAB927 /* MatchMoveCollectionViewCell.xib */ = {isa = PBXFileReference; fileEncoding = 4; lastKnownFileType = file.xib; path = MatchMoveCollectionViewCell.xib; sourceTree = "<group>"; };
		AF45DFDB19AC1E5100BAB927 /* MatchBoardCollectionViewCell.swift */ = {isa = PBXFileReference; fileEncoding = 4; lastKnownFileType = sourcecode.swift; path = MatchBoardCollectionViewCell.swift; sourceTree = "<group>"; };
		AF45DFDC19AC1E5100BAB927 /* MatchBoardCollectionViewCell.xib */ = {isa = PBXFileReference; fileEncoding = 4; lastKnownFileType = file.xib; path = MatchBoardCollectionViewCell.xib; sourceTree = "<group>"; };
		AFB9E55619A90597009242A7 /* GameBoardViewController.swift */ = {isa = PBXFileReference; fileEncoding = 4; lastKnownFileType = sourcecode.swift; path = GameBoardViewController.swift; sourceTree = "<group>"; };
		AFB9E55A19A90597009242A7 /* GameBoardCell.swift */ = {isa = PBXFileReference; fileEncoding = 4; lastKnownFileType = sourcecode.swift; path = GameBoardCell.swift; sourceTree = "<group>"; };
		AFB9E55B19A90597009242A7 /* GameBoardGameCell.swift */ = {isa = PBXFileReference; fileEncoding = 4; lastKnownFileType = sourcecode.swift; path = GameBoardGameCell.swift; sourceTree = "<group>"; };
		AFB9E55C19A90597009242A7 /* GameBoardMinimalRepresentationView.swift */ = {isa = PBXFileReference; fileEncoding = 4; lastKnownFileType = sourcecode.swift; path = GameBoardMinimalRepresentationView.swift; sourceTree = "<group>"; };
		AFB9E55D19A90597009242A7 /* GameBoardMoveCell.swift */ = {isa = PBXFileReference; fileEncoding = 4; lastKnownFileType = sourcecode.swift; path = GameBoardMoveCell.swift; sourceTree = "<group>"; };
		AFB9E55E19A90597009242A7 /* GameBoardView.swift */ = {isa = PBXFileReference; fileEncoding = 4; lastKnownFileType = sourcecode.swift; path = GameBoardView.swift; sourceTree = "<group>"; };
		AFB9E56619A905BF009242A7 /* Calculations.swift */ = {isa = PBXFileReference; fileEncoding = 4; lastKnownFileType = sourcecode.swift; path = Calculations.swift; sourceTree = "<group>"; };
		AFB9E56819A905E0009242A7 /* GameKit.framework */ = {isa = PBXFileReference; lastKnownFileType = wrapper.framework; name = GameKit.framework; path = System/Library/Frameworks/GameKit.framework; sourceTree = SDKROOT; };
		AFB9E56B19A906A7009242A7 /* GameCenterMatchManager.swift */ = {isa = PBXFileReference; fileEncoding = 4; lastKnownFileType = sourcecode.swift; path = GameCenterMatchManager.swift; sourceTree = "<group>"; };
		AFB9E56D19A91517009242A7 /* RootViewController.swift */ = {isa = PBXFileReference; fileEncoding = 4; lastKnownFileType = sourcecode.swift; path = RootViewController.swift; sourceTree = "<group>"; };
		AFB9E56F19A938B4009242A7 /* GameModel.swift */ = {isa = PBXFileReference; fileEncoding = 4; lastKnownFileType = sourcecode.swift; path = GameModel.swift; sourceTree = "<group>"; };
		AFCE309419AAB95E00B5ED9F /* MenuViewModel.swift */ = {isa = PBXFileReference; fileEncoding = 4; lastKnownFileType = sourcecode.swift; path = MenuViewModel.swift; sourceTree = "<group>"; };
		AFCE309719AAC8B100B5ED9F /* MatchCollectionViewCell.swift */ = {isa = PBXFileReference; fileEncoding = 4; lastKnownFileType = sourcecode.swift; path = MatchCollectionViewCell.swift; sourceTree = "<group>"; };
		AFCE309819AAC8B100B5ED9F /* MatchCollectionViewCell.xib */ = {isa = PBXFileReference; fileEncoding = 4; lastKnownFileType = file.xib; path = MatchCollectionViewCell.xib; sourceTree = "<group>"; };
		AFCE309B19AB6A0500B5ED9F /* GameBigBoardCollectionViewDelegate.swift */ = {isa = PBXFileReference; fileEncoding = 4; lastKnownFileType = sourcecode.swift; path = GameBigBoardCollectionViewDelegate.swift; sourceTree = "<group>"; };
		AFCE309D19AB6A3300B5ED9F /* GameSmallBoardCollectionViewDelegate.swift */ = {isa = PBXFileReference; fileEncoding = 4; lastKnownFileType = sourcecode.swift; path = GameSmallBoardCollectionViewDelegate.swift; sourceTree = "<group>"; };
		AFD99E2E19B025BB0095B371 /* MatchMoveViewModel.swift */ = {isa = PBXFileReference; fileEncoding = 4; lastKnownFileType = sourcecode.swift; path = MatchMoveViewModel.swift; sourceTree = "<group>"; };
		AFFE031119AD340F00CF4EE8 /* GameBoardViewModel.swift */ = {isa = PBXFileReference; fileEncoding = 4; lastKnownFileType = sourcecode.swift; path = GameBoardViewModel.swift; sourceTree = "<group>"; };
		AFFE031519AE162900CF4EE8 /* GameValidator.swift */ = {isa = PBXFileReference; fileEncoding = 4; lastKnownFileType = sourcecode.swift; path = GameValidator.swift; sourceTree = "<group>"; };
/* End PBXFileReference section */

/* Begin PBXFrameworksBuildPhase section */
		AF04AACE19A6AC4F000D97FF /* Frameworks */ = {
			isa = PBXFrameworksBuildPhase;
			buildActionMask = 2147483647;
			files = (
				AFB9E56919A905E0009242A7 /* GameKit.framework in Frameworks */,
			);
			runOnlyForDeploymentPostprocessing = 0;
		};
		AF04AAE019A6AC4F000D97FF /* Frameworks */ = {
			isa = PBXFrameworksBuildPhase;
			buildActionMask = 2147483647;
			files = (
			);
			runOnlyForDeploymentPostprocessing = 0;
		};
/* End PBXFrameworksBuildPhase section */

/* Begin PBXGroup section */
		AF04AAC819A6AC4F000D97FF = {
			isa = PBXGroup;
			children = (
				AFB9E56819A905E0009242A7 /* GameKit.framework */,
				AF04AAD319A6AC4F000D97FF /* SuperTicTacToe */,
				AF04AAE619A6AC4F000D97FF /* SuperTicTacToeTests */,
				AF04AAD219A6AC4F000D97FF /* Products */,
			);
			sourceTree = "<group>";
		};
		AF04AAD219A6AC4F000D97FF /* Products */ = {
			isa = PBXGroup;
			children = (
				AF04AAD119A6AC4F000D97FF /* SuperTicTacToe.app */,
				AF04AAE319A6AC4F000D97FF /* SuperTicTacToeTests.xctest */,
			);
			name = Products;
			sourceTree = "<group>";
		};
		AF04AAD319A6AC4F000D97FF /* SuperTicTacToe */ = {
			isa = PBXGroup;
			children = (
				AFB9E56A19A90687009242A7 /* GameKitHelpers */,
				AFB9E56519A905A5009242A7 /* Utitlites */,
				AFB9E55519A90597009242A7 /* Controllers */,
				AFB9E55719A90597009242A7 /* Models */,
				AFB9E55819A90597009242A7 /* ViewModels */,
				AFB9E55919A90597009242A7 /* Views */,
				AF04AAD619A6AC4F000D97FF /* AppDelegate.swift */,
				AF04AADA19A6AC4F000D97FF /* Main.storyboard */,
				AF04AADD19A6AC4F000D97FF /* Images.xcassets */,
				AF04AAD419A6AC4F000D97FF /* Supporting Files */,
			);
			path = SuperTicTacToe;
			sourceTree = "<group>";
		};
		AF04AAD419A6AC4F000D97FF /* Supporting Files */ = {
			isa = PBXGroup;
			children = (
				AF04AAD519A6AC4F000D97FF /* Info.plist */,
			);
			name = "Supporting Files";
			sourceTree = "<group>";
		};
		AF04AAE619A6AC4F000D97FF /* SuperTicTacToeTests */ = {
			isa = PBXGroup;
			children = (
				AF04AAE919A6AC4F000D97FF /* SuperTicTacToeTests.swift */,
				AF04AAE719A6AC4F000D97FF /* Supporting Files */,
			);
			path = SuperTicTacToeTests;
			sourceTree = "<group>";
		};
		AF04AAE719A6AC4F000D97FF /* Supporting Files */ = {
			isa = PBXGroup;
			children = (
				AF04AAE819A6AC4F000D97FF /* Info.plist */,
			);
			name = "Supporting Files";
			sourceTree = "<group>";
		};
		AFB9E55519A90597009242A7 /* Controllers */ = {
			isa = PBXGroup;
			children = (
				AFB9E55619A90597009242A7 /* GameBoardViewController.swift */,
				AFB9E56D19A91517009242A7 /* RootViewController.swift */,
			);
			path = Controllers;
			sourceTree = "<group>";
		};
		AFB9E55719A90597009242A7 /* Models */ = {
			isa = PBXGroup;
			children = (
				AFB9E56F19A938B4009242A7 /* GameModel.swift */,
			);
			path = Models;
			sourceTree = "<group>";
		};
		AFB9E55819A90597009242A7 /* ViewModels */ = {
			isa = PBXGroup;
			children = (
				AFCE309419AAB95E00B5ED9F /* MenuViewModel.swift */,
				AFFE031119AD340F00CF4EE8 /* GameBoardViewModel.swift */,
				AFD99E2E19B025BB0095B371 /* MatchMoveViewModel.swift */,
			);
			path = ViewModels;
			sourceTree = "<group>";
		};
		AFB9E55919A90597009242A7 /* Views */ = {
			isa = PBXGroup;
			children = (
				AFCE309619AAC89500B5ED9F /* Cells */,
				AFB9E55A19A90597009242A7 /* GameBoardCell.swift */,
				AFB9E55B19A90597009242A7 /* GameBoardGameCell.swift */,
				AFB9E55C19A90597009242A7 /* GameBoardMinimalRepresentationView.swift */,
				AFB9E55D19A90597009242A7 /* GameBoardMoveCell.swift */,
				AFB9E55E19A90597009242A7 /* GameBoardView.swift */,
			);
			path = Views;
			sourceTree = "<group>";
		};
		AFB9E56519A905A5009242A7 /* Utitlites */ = {
			isa = PBXGroup;
			children = (
				AFB9E56619A905BF009242A7 /* Calculations.swift */,
				AFCE309B19AB6A0500B5ED9F /* GameBigBoardCollectionViewDelegate.swift */,
				AFCE309D19AB6A3300B5ED9F /* GameSmallBoardCollectionViewDelegate.swift */,
				AF45DFD519ABCDFA00BAB927 /* Constants.swift */,
				AFFE031519AE162900CF4EE8 /* GameValidator.swift */,
			);
			path = Utitlites;
			sourceTree = "<group>";
		};
		AFB9E56A19A90687009242A7 /* GameKitHelpers */ = {
			isa = PBXGroup;
			children = (
				AFB9E56B19A906A7009242A7 /* GameCenterMatchManager.swift */,
			);
			path = GameKitHelpers;
			sourceTree = "<group>";
		};
		AFCE309619AAC89500B5ED9F /* Cells */ = {
			isa = PBXGroup;
			children = (
				AFCE309719AAC8B100B5ED9F /* MatchCollectionViewCell.swift */,
				AFCE309819AAC8B100B5ED9F /* MatchCollectionViewCell.xib */,
				AF45DFD719AC1CB400BAB927 /* MatchMoveCollectionViewCell.swift */,
				AF45DFD819AC1CB400BAB927 /* MatchMoveCollectionViewCell.xib */,
				AF45DFDB19AC1E5100BAB927 /* MatchBoardCollectionViewCell.swift */,
				AF45DFDC19AC1E5100BAB927 /* MatchBoardCollectionViewCell.xib */,
			);
			path = Cells;
			sourceTree = "<group>";
		};
/* End PBXGroup section */

/* Begin PBXNativeTarget section */
		AF04AAD019A6AC4F000D97FF /* SuperTicTacToe */ = {
			isa = PBXNativeTarget;
			buildConfigurationList = AF04AAED19A6AC4F000D97FF /* Build configuration list for PBXNativeTarget "SuperTicTacToe" */;
			buildPhases = (
				AF04AACD19A6AC4F000D97FF /* Sources */,
				AF04AACE19A6AC4F000D97FF /* Frameworks */,
				AF04AACF19A6AC4F000D97FF /* Resources */,
			);
			buildRules = (
			);
			dependencies = (
			);
			name = SuperTicTacToe;
			productName = SuperTicTacToe;
			productReference = AF04AAD119A6AC4F000D97FF /* SuperTicTacToe.app */;
			productType = "com.apple.product-type.application";
		};
		AF04AAE219A6AC4F000D97FF /* SuperTicTacToeTests */ = {
			isa = PBXNativeTarget;
			buildConfigurationList = AF04AAF019A6AC4F000D97FF /* Build configuration list for PBXNativeTarget "SuperTicTacToeTests" */;
			buildPhases = (
				AF04AADF19A6AC4F000D97FF /* Sources */,
				AF04AAE019A6AC4F000D97FF /* Frameworks */,
				AF04AAE119A6AC4F000D97FF /* Resources */,
			);
			buildRules = (
			);
			dependencies = (
				AF04AAE519A6AC4F000D97FF /* PBXTargetDependency */,
			);
			name = SuperTicTacToeTests;
			productName = SuperTicTacToeTests;
			productReference = AF04AAE319A6AC4F000D97FF /* SuperTicTacToeTests.xctest */;
			productType = "com.apple.product-type.bundle.unit-test";
		};
/* End PBXNativeTarget section */

/* Begin PBXProject section */
		AF04AAC919A6AC4F000D97FF /* Project object */ = {
			isa = PBXProject;
			attributes = {
				LastUpgradeCheck = 0600;
				ORGANIZATIONNAME = "Swift Yeti";
				TargetAttributes = {
					AF04AAD019A6AC4F000D97FF = {
						CreatedOnToolsVersion = 6.0;
						DevelopmentTeam = H6477GN277;
						SystemCapabilities = {
							com.apple.GameCenter = {
								enabled = 1;
							};
						};
					};
					AF04AAE219A6AC4F000D97FF = {
						CreatedOnToolsVersion = 6.0;
						TestTargetID = AF04AAD019A6AC4F000D97FF;
					};
				};
			};
			buildConfigurationList = AF04AACC19A6AC4F000D97FF /* Build configuration list for PBXProject "SuperTicTacToe" */;
			compatibilityVersion = "Xcode 3.2";
			developmentRegion = English;
			hasScannedForEncodings = 0;
			knownRegions = (
				en,
				Base,
			);
			mainGroup = AF04AAC819A6AC4F000D97FF;
			productRefGroup = AF04AAD219A6AC4F000D97FF /* Products */;
			projectDirPath = "";
			projectRoot = "";
			targets = (
				AF04AAD019A6AC4F000D97FF /* SuperTicTacToe */,
				AF04AAE219A6AC4F000D97FF /* SuperTicTacToeTests */,
			);
		};
/* End PBXProject section */

/* Begin PBXResourcesBuildPhase section */
		AF04AACF19A6AC4F000D97FF /* Resources */ = {
			isa = PBXResourcesBuildPhase;
			buildActionMask = 2147483647;
			files = (
				AF04AADC19A6AC4F000D97FF /* Main.storyboard in Resources */,
				AF04AADE19A6AC4F000D97FF /* Images.xcassets in Resources */,
				AFCE309A19AAC8B100B5ED9F /* MatchCollectionViewCell.xib in Resources */,
				AF45DFDE19AC1E5100BAB927 /* MatchBoardCollectionViewCell.xib in Resources */,
				AF45DFDA19AC1CB400BAB927 /* MatchMoveCollectionViewCell.xib in Resources */,
			);
			runOnlyForDeploymentPostprocessing = 0;
		};
		AF04AAE119A6AC4F000D97FF /* Resources */ = {
			isa = PBXResourcesBuildPhase;
			buildActionMask = 2147483647;
			files = (
			);
			runOnlyForDeploymentPostprocessing = 0;
		};
/* End PBXResourcesBuildPhase section */

/* Begin PBXSourcesBuildPhase section */
		AF04AACD19A6AC4F000D97FF /* Sources */ = {
			isa = PBXSourcesBuildPhase;
			buildActionMask = 2147483647;
			files = (
				AFD99E2F19B025BB0095B371 /* MatchMoveViewModel.swift in Sources */,
				AFB9E56E19A91517009242A7 /* RootViewController.swift in Sources */,
				AF45DFD919AC1CB400BAB927 /* MatchMoveCollectionViewCell.swift in Sources */,
				AF45DFD619ABCDFA00BAB927 /* Constants.swift in Sources */,
				AFB9E56C19A906A7009242A7 /* GameCenterMatchManager.swift in Sources */,
				AF04AAD719A6AC4F000D97FF /* AppDelegate.swift in Sources */,
				AFCE309519AAB95E00B5ED9F /* MenuViewModel.swift in Sources */,
				AFB9E56119A90597009242A7 /* GameBoardGameCell.swift in Sources */,
				AFCE309E19AB6A3300B5ED9F /* GameSmallBoardCollectionViewDelegate.swift in Sources */,
				AFCE309919AAC8B100B5ED9F /* MatchCollectionViewCell.swift in Sources */,
				AFB9E56319A90597009242A7 /* GameBoardMoveCell.swift in Sources */,
				AFB9E56719A905BF009242A7 /* Calculations.swift in Sources */,
				AFB9E56019A90597009242A7 /* GameBoardCell.swift in Sources */,
				AFFE031219AD340F00CF4EE8 /* GameBoardViewModel.swift in Sources */,
				AFB9E55F19A90597009242A7 /* GameBoardViewController.swift in Sources */,
				AFFE031619AE162900CF4EE8 /* GameValidator.swift in Sources */,
				AFB9E56219A90597009242A7 /* GameBoardMinimalRepresentationView.swift in Sources */,
				AFCE309C19AB6A0500B5ED9F /* GameBigBoardCollectionViewDelegate.swift in Sources */,
				AFB9E56419A90597009242A7 /* GameBoardView.swift in Sources */,
				AF45DFDD19AC1E5100BAB927 /* MatchBoardCollectionViewCell.swift in Sources */,
				AFB9E57019A938B4009242A7 /* GameModel.swift in Sources */,
			);
			runOnlyForDeploymentPostprocessing = 0;
		};
		AF04AADF19A6AC4F000D97FF /* Sources */ = {
			isa = PBXSourcesBuildPhase;
			buildActionMask = 2147483647;
			files = (
				AF04AAEA19A6AC4F000D97FF /* SuperTicTacToeTests.swift in Sources */,
			);
			runOnlyForDeploymentPostprocessing = 0;
		};
/* End PBXSourcesBuildPhase section */

/* Begin PBXTargetDependency section */
		AF04AAE519A6AC4F000D97FF /* PBXTargetDependency */ = {
			isa = PBXTargetDependency;
			target = AF04AAD019A6AC4F000D97FF /* SuperTicTacToe */;
			targetProxy = AF04AAE419A6AC4F000D97FF /* PBXContainerItemProxy */;
		};
/* End PBXTargetDependency section */

/* Begin PBXVariantGroup section */
		AF04AADA19A6AC4F000D97FF /* Main.storyboard */ = {
			isa = PBXVariantGroup;
			children = (
				AF04AADB19A6AC4F000D97FF /* Base */,
			);
			name = Main.storyboard;
			sourceTree = "<group>";
		};
/* End PBXVariantGroup section */

/* Begin XCBuildConfiguration section */
		AF04AAEB19A6AC4F000D97FF /* Debug */ = {
			isa = XCBuildConfiguration;
			buildSettings = {
				ALWAYS_SEARCH_USER_PATHS = NO;
				CLANG_CXX_LANGUAGE_STANDARD = "gnu++0x";
				CLANG_CXX_LIBRARY = "libc++";
				CLANG_ENABLE_MODULES = YES;
				CLANG_ENABLE_OBJC_ARC = YES;
				CLANG_WARN_BOOL_CONVERSION = YES;
				CLANG_WARN_CONSTANT_CONVERSION = YES;
				CLANG_WARN_DIRECT_OBJC_ISA_USAGE = YES_ERROR;
				CLANG_WARN_EMPTY_BODY = YES;
				CLANG_WARN_ENUM_CONVERSION = YES;
				CLANG_WARN_INT_CONVERSION = YES;
				CLANG_WARN_OBJC_ROOT_CLASS = YES_ERROR;
				CLANG_WARN_UNREACHABLE_CODE = YES;
				CLANG_WARN__DUPLICATE_METHOD_MATCH = YES;
				"CODE_SIGN_IDENTITY[sdk=iphoneos*]" = "iPhone Developer";
				COPY_PHASE_STRIP = NO;
				ENABLE_STRICT_OBJC_MSGSEND = YES;
				GCC_C_LANGUAGE_STANDARD = gnu99;
				GCC_DYNAMIC_NO_PIC = NO;
				GCC_OPTIMIZATION_LEVEL = 0;
				GCC_PREPROCESSOR_DEFINITIONS = (
					"DEBUG=1",
					"$(inherited)",
				);
				GCC_SYMBOLS_PRIVATE_EXTERN = NO;
				GCC_WARN_64_TO_32_BIT_CONVERSION = YES;
				GCC_WARN_ABOUT_RETURN_TYPE = YES_ERROR;
				GCC_WARN_UNDECLARED_SELECTOR = YES;
				GCC_WARN_UNINITIALIZED_AUTOS = YES_AGGRESSIVE;
				GCC_WARN_UNUSED_FUNCTION = YES;
				GCC_WARN_UNUSED_VARIABLE = YES;
				IPHONEOS_DEPLOYMENT_TARGET = 7.0;
				MTL_ENABLE_DEBUG_INFO = YES;
				ONLY_ACTIVE_ARCH = YES;
				SDKROOT = iphoneos;
				SWIFT_OPTIMIZATION_LEVEL = "-Onone";
			};
			name = Debug;
		};
		AF04AAEC19A6AC4F000D97FF /* Release */ = {
			isa = XCBuildConfiguration;
			buildSettings = {
				ALWAYS_SEARCH_USER_PATHS = NO;
				CLANG_CXX_LANGUAGE_STANDARD = "gnu++0x";
				CLANG_CXX_LIBRARY = "libc++";
				CLANG_ENABLE_MODULES = YES;
				CLANG_ENABLE_OBJC_ARC = YES;
				CLANG_WARN_BOOL_CONVERSION = YES;
				CLANG_WARN_CONSTANT_CONVERSION = YES;
				CLANG_WARN_DIRECT_OBJC_ISA_USAGE = YES_ERROR;
				CLANG_WARN_EMPTY_BODY = YES;
				CLANG_WARN_ENUM_CONVERSION = YES;
				CLANG_WARN_INT_CONVERSION = YES;
				CLANG_WARN_OBJC_ROOT_CLASS = YES_ERROR;
				CLANG_WARN_UNREACHABLE_CODE = YES;
				CLANG_WARN__DUPLICATE_METHOD_MATCH = YES;
				"CODE_SIGN_IDENTITY[sdk=iphoneos*]" = "iPhone Developer";
				COPY_PHASE_STRIP = YES;
				ENABLE_NS_ASSERTIONS = NO;
				ENABLE_STRICT_OBJC_MSGSEND = YES;
				GCC_C_LANGUAGE_STANDARD = gnu99;
				GCC_WARN_64_TO_32_BIT_CONVERSION = YES;
				GCC_WARN_ABOUT_RETURN_TYPE = YES_ERROR;
				GCC_WARN_UNDECLARED_SELECTOR = YES;
				GCC_WARN_UNINITIALIZED_AUTOS = YES_AGGRESSIVE;
				GCC_WARN_UNUSED_FUNCTION = YES;
				GCC_WARN_UNUSED_VARIABLE = YES;
				IPHONEOS_DEPLOYMENT_TARGET = 7.0;
				MTL_ENABLE_DEBUG_INFO = NO;
				SDKROOT = iphoneos;
				VALIDATE_PRODUCT = YES;
			};
			name = Release;
		};
		AF04AAEE19A6AC4F000D97FF /* Debug */ = {
			isa = XCBuildConfiguration;
			buildSettings = {
				ASSETCATALOG_COMPILER_APPICON_NAME = AppIcon;
				ASSETCATALOG_COMPILER_LAUNCHIMAGE_NAME = LaunchImage;
				CLANG_ENABLE_MODULES = YES;
				CODE_SIGN_IDENTITY = "iPhone Developer";
				"CODE_SIGN_IDENTITY[sdk=iphoneos*]" = "iPhone Developer";
				INFOPLIST_FILE = SuperTicTacToe/Info.plist;
				IPHONEOS_DEPLOYMENT_TARGET = 8.0;
				LD_RUNPATH_SEARCH_PATHS = "$(inherited) @executable_path/Frameworks";
				PRODUCT_NAME = "$(TARGET_NAME)";
				PROVISIONING_PROFILE = "";
				SWIFT_OPTIMIZATION_LEVEL = "-Onone";
				TARGETED_DEVICE_FAMILY = "1,2";
			};
			name = Debug;
		};
		AF04AAEF19A6AC4F000D97FF /* Release */ = {
			isa = XCBuildConfiguration;
			buildSettings = {
				ASSETCATALOG_COMPILER_APPICON_NAME = AppIcon;
				ASSETCATALOG_COMPILER_LAUNCHIMAGE_NAME = LaunchImage;
				CLANG_ENABLE_MODULES = YES;
				CODE_SIGN_IDENTITY = "iPhone Developer";
				"CODE_SIGN_IDENTITY[sdk=iphoneos*]" = "iPhone Developer";
				INFOPLIST_FILE = SuperTicTacToe/Info.plist;
				IPHONEOS_DEPLOYMENT_TARGET = 8.0;
				LD_RUNPATH_SEARCH_PATHS = "$(inherited) @executable_path/Frameworks";
				PRODUCT_NAME = "$(TARGET_NAME)";
				PROVISIONING_PROFILE = "";
				TARGETED_DEVICE_FAMILY = "1,2";
			};
			name = Release;
		};
		AF04AAF119A6AC4F000D97FF /* Debug */ = {
			isa = XCBuildConfiguration;
			buildSettings = {
				BUNDLE_LOADER = "$(TEST_HOST)";
				FRAMEWORK_SEARCH_PATHS = (
					"$(SDKROOT)/Developer/Library/Frameworks",
					"$(inherited)",
				);
				GCC_PREPROCESSOR_DEFINITIONS = (
					"DEBUG=1",
					"$(inherited)",
				);
				INFOPLIST_FILE = SuperTicTacToeTests/Info.plist;
				LD_RUNPATH_SEARCH_PATHS = "$(inherited) @executable_path/Frameworks @loader_path/Frameworks";
				PRODUCT_NAME = "$(TARGET_NAME)";
				TEST_HOST = "$(BUILT_PRODUCTS_DIR)/SuperTicTacToe.app/SuperTicTacToe";
			};
			name = Debug;
		};
		AF04AAF219A6AC4F000D97FF /* Release */ = {
			isa = XCBuildConfiguration;
			buildSettings = {
				BUNDLE_LOADER = "$(TEST_HOST)";
				FRAMEWORK_SEARCH_PATHS = (
					"$(SDKROOT)/Developer/Library/Frameworks",
					"$(inherited)",
				);
				INFOPLIST_FILE = SuperTicTacToeTests/Info.plist;
				LD_RUNPATH_SEARCH_PATHS = "$(inherited) @executable_path/Frameworks @loader_path/Frameworks";
				PRODUCT_NAME = "$(TARGET_NAME)";
				TEST_HOST = "$(BUILT_PRODUCTS_DIR)/SuperTicTacToe.app/SuperTicTacToe";
			};
			name = Release;
		};
/* End XCBuildConfiguration section */

/* Begin XCConfigurationList section */
		AF04AACC19A6AC4F000D97FF /* Build configuration list for PBXProject "SuperTicTacToe" */ = {
			isa = XCConfigurationList;
			buildConfigurations = (
				AF04AAEB19A6AC4F000D97FF /* Debug */,
				AF04AAEC19A6AC4F000D97FF /* Release */,
			);
			defaultConfigurationIsVisible = 0;
			defaultConfigurationName = Release;
		};
		AF04AAED19A6AC4F000D97FF /* Build configuration list for PBXNativeTarget "SuperTicTacToe" */ = {
			isa = XCConfigurationList;
			buildConfigurations = (
				AF04AAEE19A6AC4F000D97FF /* Debug */,
				AF04AAEF19A6AC4F000D97FF /* Release */,
			);
			defaultConfigurationIsVisible = 0;
			defaultConfigurationName = Release;
		};
		AF04AAF019A6AC4F000D97FF /* Build configuration list for PBXNativeTarget "SuperTicTacToeTests" */ = {
			isa = XCConfigurationList;
			buildConfigurations = (
				AF04AAF119A6AC4F000D97FF /* Debug */,
				AF04AAF219A6AC4F000D97FF /* Release */,
			);
			defaultConfigurationIsVisible = 0;
			defaultConfigurationName = Release;
		};
/* End XCConfigurationList section */
	};
	rootObject = AF04AAC919A6AC4F000D97FF /* Project object */;
}
